
Microsoft Visual Studio Solution File, Format Version 12.00
# Visual Studio Version 16
VisualStudioVersion = 16.0.30907.101
MinimumVisualStudioVersion = 10.0.40219.1
Project("{9A19103F-16F7-4668-BE54-9A1E7A4F7556}") = "DataAccess", "DataAccess\DataAccess.csproj", "{1EFF7F82-3FF9-426C-B5A2-7DE995E843CB}"
EndProject
Project("{9A19103F-16F7-4668-BE54-9A1E7A4F7556}") = "Business", "Business\Business.csproj", "{57BFAC0C-DA15-4236-98B8-FE3C8414D31B}"
EndProject
Project("{9A19103F-16F7-4668-BE54-9A1E7A4F7556}") = "Entities", "Entities\Entities.csproj", "{EEA4086C-1380-411A-B65A-729986C2DF74}"
EndProject
Project("{9A19103F-16F7-4668-BE54-9A1E7A4F7556}") = "ConsoleUI", "ConsoleUI\ConsoleUI.csproj", "{16CD9E3C-6DF1-43C6-9254-6327AEE1A972}"
EndProject
Project("{9A19103F-16F7-4668-BE54-9A1E7A4F7556}") = "LinqProjectDemo", "Linq\LinqProjectDemo.csproj", "{BA11F9EA-D3F7-4660-B5E4-7BA6F18B4908}"
EndProject
Project("{FAE04EC0-301F-11D3-BF4B-00C04F79EFBC}") = "Core", "Core\Core.csproj", "{7DB4F7E4-B326-4BBC-9493-2F5DBD8EBD33}"
EndProject
Global
	GlobalSection(SolutionConfigurationPlatforms) = preSolution
		Debug|Any CPU = Debug|Any CPU
		Release|Any CPU = Release|Any CPU
	EndGlobalSection
	GlobalSection(ProjectConfigurationPlatforms) = postSolution
		{1EFF7F82-3FF9-426C-B5A2-7DE995E843CB}.Debug|Any CPU.ActiveCfg = Debug|Any CPU
		{1EFF7F82-3FF9-426C-B5A2-7DE995E843CB}.Debug|Any CPU.Build.0 = Debug|Any CPU
		{1EFF7F82-3FF9-426C-B5A2-7DE995E843CB}.Release|Any CPU.ActiveCfg = Release|Any CPU
		{1EFF7F82-3FF9-426C-B5A2-7DE995E843CB}.Release|Any CPU.Build.0 = Release|Any CPU
		{57BFAC0C-DA15-4236-98B8-FE3C8414D31B}.Debug|Any CPU.ActiveCfg = Debug|Any CPU
		{57BFAC0C-DA15-4236-98B8-FE3C8414D31B}.Debug|Any CPU.Build.0 = Debug|Any CPU
		{57BFAC0C-DA15-4236-98B8-FE3C8414D31B}.Release|Any CPU.ActiveCfg = Release|Any CPU
		{57BFAC0C-DA15-4236-98B8-FE3C8414D31B}.Release|Any CPU.Build.0 = Release|Any CPU
		{EEA4086C-1380-411A-B65A-729986C2DF74}.Debug|Any CPU.ActiveCfg = Debug|Any CPU
		{EEA4086C-1380-411A-B65A-729986C2DF74}.Debug|Any CPU.Build.0 = Debug|Any CPU
		{EEA4086C-1380-411A-B65A-729986C2DF74}.Release|Any CPU.ActiveCfg = Release|Any CPU
		{EEA4086C-1380-411A-B65A-729986C2DF74}.Release|Any CPU.Build.0 = Release|Any CPU
		{16CD9E3C-6DF1-43C6-9254-6327AEE1A972}.Debug|Any CPU.ActiveCfg = Debug|Any CPU
		{16CD9E3C-6DF1-43C6-9254-6327AEE1A972}.Debug|Any CPU.Build.0 = Debug|Any CPU
		{16CD9E3C-6DF1-43C6-9254-6327AEE1A972}.Release|Any CPU.ActiveCfg = Release|Any CPU
		{16CD9E3C-6DF1-43C6-9254-6327AEE1A972}.Release|Any CPU.Build.0 = Release|Any CPU
		{BA11F9EA-D3F7-4660-B5E4-7BA6F18B4908}.Debug|Any CPU.ActiveCfg = Debug|Any CPU
		{BA11F9EA-D3F7-4660-B5E4-7BA6F18B4908}.Debug|Any CPU.Build.0 = Debug|Any CPU
		{BA11F9EA-D3F7-4660-B5E4-7BA6F18B4908}.Release|Any CPU.ActiveCfg = Release|Any CPU
		{BA11F9EA-D3F7-4660-B5E4-7BA6F18B4908}.Release|Any CPU.Build.0 = Release|Any CPU
		{7DB4F7E4-B326-4BBC-9493-2F5DBD8EBD33}.Debug|Any CPU.ActiveCfg = Debug|Any CPU
		{7DB4F7E4-B326-4BBC-9493-2F5DBD8EBD33}.Debug|Any CPU.Build.0 = Debug|Any CPU
		{7DB4F7E4-B326-4BBC-9493-2F5DBD8EBD33}.Release|Any CPU.ActiveCfg = Release|Any CPU
		{7DB4F7E4-B326-4BBC-9493-2F5DBD8EBD33}.Release|Any CPU.Build.0 = Release|Any CPU
	EndGlobalSection
	GlobalSection(SolutionProperties) = preSolution
		HideSolutionNode = FALSE
	EndGlobalSection
	GlobalSection(ExtensibilityGlobals) = postSolution
		SolutionGuid = {F3215C0B-EA31-445E-BE99-5FD28FF5D2FB}
	EndGlobalSection
EndGlobal
